# THIS IS AN AUTOGENERATED FILE. DO NOT EDIT THIS FILE DIRECTLY.
# yarn lockfile v1


lit-html@^1.1.0:
  version "1.1.0"
  resolved "https://registry.yarnpkg.com/lit-html/-/lit-html-1.1.0.tgz#6951fb717fb48fe34d915ae163448a04da321562"
  integrity sha512-ZDJHpJi09yknMpjwPI8fuSl5sUG7+pF+eE5WciFtgyX7zebvgMDBgSLq4knXa7grxM00RkQ7PBd7UZQiruA78Q==

mime@~1.2.11:
  version "1.2.11"
  resolved "https://registry.yarnpkg.com/mime/-/mime-1.2.11.tgz#58203eed86e3a5ef17aed2b7d9ebd47f0a60dd10"
  integrity sha1-WCA+7Ybjpe8XrtK32evUfwpg3RA=

minimist@^0.2.0:
  version "0.2.0"
  resolved "https://registry.yarnpkg.com/minimist/-/minimist-0.2.0.tgz#4dffe525dae2b864c66c2e23c6271d7afdecefce"
  integrity sha1-Tf/lJdriuGTGbC4jxicdev3s784=

moment@^2.24.0:
  version "2.24.0"
  resolved "https://registry.yarnpkg.com/moment/-/moment-2.24.0.tgz#0d055d53f5052aa653c9f6eb68bb5d12bf5c2b5b"
  integrity sha512-bV7f+6l2QigeBBZSM/6yTNq4P2fNpSWj/0e7jQcy87A8e7o2nAfP/34/2ky5Vw4B9S446EtIhodAzkFCcR4dQg==

static-html-server@^0.1.2:
  version "0.1.2"
  resolved "https://registry.yarnpkg.com/static-html-server/-/static-html-server-0.1.2.tgz#d7910a5146514a56995f82aa60e4881e34c24afa"
  integrity sha1-15EKUUZRSlaZX4KqYOSIHjTCSvo=
  dependencies:
    mime "~1.2.11"
    minimist "^0.2.0"
